
Microsoft Visual Studio Solution File, Format Version 12.00
# Visual Studio Version 17
VisualStudioVersion = 17.0.32112.339
MinimumVisualStudioVersion = 10.0.40219.1
Project("{FAE04EC0-301F-11D3-BF4B-00C04F79EFBC}") = "Spawner", "Spawner\Spawner.csproj", "{0DA1ED22-F8F6-4283-B86D-E020932E56C4}"
EndProject
Global
	GlobalSection(SolutionConfigurationPlatforms) = preSolution
		Debug|Any CPU = Debug|Any CPU
		Release|Any CPU = Release|Any CPU
	EndGlobalSection
	GlobalSection(ProjectConfigurationPlatforms) = postSolution
		{0DA1ED22-F8F6-4283-B86D-E020932E56C4}.Debug|Any CPU.ActiveCfg = Debug|Any CPU
		{0DA1ED22-F8F6-4283-B86D-E020932E56C4}.Debug|Any CPU.Build.0 = Debug|Any CPU
		{0DA1ED22-F8F6-4283-B86D-E020932E56C4}.Release|Any CPU.ActiveCfg = Release|Any CPU
		{0DA1ED22-F8F6-4283-B86D-E020932E56C4}.Release|Any CPU.Build.0 = Release|Any CPU
	EndGlobalSection
	GlobalSection(SolutionProperties) = preSolution
		HideSolutionNode = FALSE
	EndGlobalSection
	GlobalSection(ExtensibilityGlobals) = postSolution
		SolutionGuid = {D2119AE3-716E-4A6A-9617-0890AA3AD546}
	EndGlobalSection
EndGlobal
